
Microsoft Visual Studio Solution File, Format Version 10.00
# Visual Studio 2008
Project("{FAE04EC0-301F-11D3-BF4B-00C04F79EFBC}") = "MDIExample", "MDIExample\MDIExample.csproj", "{2A21A361-BDB6-4FD4-A9D3-C5BCB926C260}"
EndProject
Global
	GlobalSection(SolutionConfigurationPlatforms) = preSolution
		Debug|Any CPU = Debug|Any CPU
		Release|Any CPU = Release|Any CPU
	EndGlobalSection
	GlobalSection(ProjectConfigurationPlatforms) = postSolution
		{2A21A361-BDB6-4FD4-A9D3-C5BCB926C260}.Debug|Any CPU.ActiveCfg = Debug|Any CPU
		{2A21A361-BDB6-4FD4-A9D3-C5BCB926C260}.Debug|Any CPU.Build.0 = Debug|Any CPU
		{2A21A361-BDB6-4FD4-A9D3-C5BCB926C260}.Release|Any CPU.ActiveCfg = Release|Any CPU
		{2A21A361-BDB6-4FD4-A9D3-C5BCB926C260}.Release|Any CPU.Build.0 = Release|Any CPU
	EndGlobalSection
	GlobalSection(SolutionProperties) = preSolution
		HideSolutionNode = FALSE
	EndGlobalSection
EndGlobal
